// !$*UTF8*$!
{
	archiveVersion = 1;
	classes = {
	};
	objectVersion = 46;
	objects = {

/* Begin PBXBuildFile section */
		F15829F81A7A6B6100FDDB52 /* main.m in Sources */ = {isa = PBXBuildFile; fileRef = F15829F71A7A6B6100FDDB52 /* main.m */; };
		F15829FB1A7A6B6100FDDB52 /* AppDelegate.m in Sources */ = {isa = PBXBuildFile; fileRef = F15829FA1A7A6B6100FDDB52 /* AppDelegate.m */; };
		F15829FE1A7A6B6100FDDB52 /* CellHighDemo.xcdatamodeld in Sources */ = {isa = PBXBuildFile; fileRef = F15829FC1A7A6B6100FDDB52 /* CellHighDemo.xcdatamodeld */; };
		F1582A011A7A6B6100FDDB52 /* ViewController.m in Sources */ = {isa = PBXBuildFile; fileRef = F1582A001A7A6B6100FDDB52 /* ViewController.m */; };
		F1582A041A7A6B6100FDDB52 /* Main.storyboard in Resources */ = {isa = PBXBuildFile; fileRef = F1582A021A7A6B6100FDDB52 /* Main.storyboard */; };
		F1582A061A7A6B6100FDDB52 /* Images.xcassets in Resources */ = {isa = PBXBuildFile; fileRef = F1582A051A7A6B6100FDDB52 /* Images.xcassets */; };
		F1582A091A7A6B6100FDDB52 /* LaunchScreen.xib in Resources */ = {isa = PBXBuildFile; fileRef = F1582A071A7A6B6100FDDB52 /* LaunchScreen.xib */; };
		F1582A151A7A6B6100FDDB52 /* CellHighDemoTests.m in Sources */ = {isa = PBXBuildFile; fileRef = F1582A141A7A6B6100FDDB52 /* CellHighDemoTests.m */; };
/* End PBXBuildFile section */

/* Begin PBXContainerItemProxy section */
		F1582A0F1A7A6B6100FDDB52 /* PBXContainerItemProxy */ = {
			isa = PBXContainerItemProxy;
			containerPortal = F15829EA1A7A6B6100FDDB52 /* Project object */;
			proxyType = 1;
			remoteGlobalIDString = F15829F11A7A6B6100FDDB52;
			remoteInfo = CellHighDemo;
		};
/* End PBXContainerItemProxy section */

/* Begin PBXFileReference section */
		F15829F21A7A6B6100FDDB52 /* CellHighDemo.app */ = {isa = PBXFileReference; explicitFileType = wrapper.application; includeInIndex = 0; path = CellHighDemo.app; sourceTree = BUILT_PRODUCTS_DIR; };
		F15829F61A7A6B6100FDDB52 /* Info.plist */ = {isa = PBXFileReference; lastKnownFileType = text.plist.xml; path = Info.plist; sourceTree = "<group>"; };
		F15829F71A7A6B6100FDDB52 /* main.m */ = {isa = PBXFileReference; lastKnownFileType = sourcecode.c.objc; path = main.m; sourceTree = "<group>"; };
		F15829F91A7A6B6100FDDB52 /* AppDelegate.h */ = {isa = PBXFileReference; lastKnownFileType = sourcecode.c.h; path = AppDelegate.h; sourceTree = "<group>"; };
		F15829FA1A7A6B6100FDDB52 /* AppDelegate.m */ = {isa = PBXFileReference; lastKnownFileType = sourcecode.c.objc; path = AppDelegate.m; sourceTree = "<group>"; };
		F15829FD1A7A6B6100FDDB52 /* CellHighDemo.xcdatamodel */ = {isa = PBXFileReference; lastKnownFileType = wrapper.xcdatamodel; path = CellHighDemo.xcdatamodel; sourceTree = "<group>"; };
		F15829FF1A7A6B6100FDDB52 /* ViewController.h */ = {isa = PBXFileReference; lastKnownFileType = sourcecode.c.h; path = ViewController.h; sourceTree = "<group>"; };
		F1582A001A7A6B6100FDDB52 /* ViewController.m */ = {isa = PBXFileReference; lastKnownFileType = sourcecode.c.objc; path = ViewController.m; sourceTree = "<group>"; };
		F1582A031A7A6B6100FDDB52 /* Base */ = {isa = PBXFileReference; lastKnownFileType = file.storyboard; name = Base; path = Base.lproj/Main.storyboard; sourceTree = "<group>"; };
		F1582A051A7A6B6100FDDB52 /* Images.xcassets */ = {isa = PBXFileReference; lastKnownFileType = folder.assetcatalog; path = Images.xcassets; sourceTree = "<group>"; };
		F1582A081A7A6B6100FDDB52 /* Base */ = {isa = PBXFileReference; lastKnownFileType = file.xib; name = Base; path = Base.lproj/LaunchScreen.xib; sourceTree = "<group>"; };
		F1582A0E1A7A6B6100FDDB52 /* CellHighDemoTests.xctest */ = {isa = PBXFileReference; explicitFileType = wrapper.cfbundle; includeInIndex = 0; path = CellHighDemoTests.xctest; sourceTree = BUILT_PRODUCTS_DIR; };
		F1582A131A7A6B6100FDDB52 /* Info.plist */ = {isa = PBXFileReference; lastKnownFileType = text.plist.xml; path = Info.plist; sourceTree = "<group>"; };
		F1582A141A7A6B6100FDDB52 /* CellHighDemoTests.m */ = {isa = PBXFileReference; lastKnownFileType = sourcecode.c.objc; path = CellHighDemoTests.m; sourceTree = "<group>"; };
/* End PBXFileReference section */

/* Begin PBXFrameworksBuildPhase section */
		F15829EF1A7A6B6100FDDB52 /* Frameworks */ = {
			isa = PBXFrameworksBuildPhase;
			buildActionMask = 2147483647;
			files = (
			);
			runOnlyForDeploymentPostprocessing = 0;
		};
		F1582A0B1A7A6B6100FDDB52 /* Frameworks */ = {
			isa = PBXFrameworksBuildPhase;
			buildActionMask = 2147483647;
			files = (
			);
			runOnlyForDeploymentPostprocessing = 0;
		};
/* End PBXFrameworksBuildPhase section */

/* Begin PBXGroup section */
		F15829E91A7A6B6100FDDB52 = {
			isa = PBXGroup;
			children = (
				F15829F41A7A6B6100FDDB52 /* CellHighDemo */,
				F1582A111A7A6B6100FDDB52 /* CellHighDemoTests */,
				F15829F31A7A6B6100FDDB52 /* Products */,
			);
			sourceTree = "<group>";
		};
		F15829F31A7A6B6100FDDB52 /* Products */ = {
			isa = PBXGroup;
			children = (
				F15829F21A7A6B6100FDDB52 /* CellHighDemo.app */,
				F1582A0E1A7A6B6100FDDB52 /* CellHighDemoTests.xctest */,
			);
			name = Products;
			sourceTree = "<group>";
		};
		F15829F41A7A6B6100FDDB52 /* CellHighDemo */ = {
			isa = PBXGroup;
			children = (
				F15829F91A7A6B6100FDDB52 /* AppDelegate.h */,
				F15829FA1A7A6B6100FDDB52 /* AppDelegate.m */,
				F15829FF1A7A6B6100FDDB52 /* ViewController.h */,
				F1582A001A7A6B6100FDDB52 /* ViewController.m */,
				F1582A021A7A6B6100FDDB52 /* Main.storyboard */,
				F1582A051A7A6B6100FDDB52 /* Images.xcassets */,
				F1582A071A7A6B6100FDDB52 /* LaunchScreen.xib */,
				F15829FC1A7A6B6100FDDB52 /* CellHighDemo.xcdatamodeld */,
				F15829F51A7A6B6100FDDB52 /* Supporting Files */,
			);
			path = CellHighDemo;
			sourceTree = "<group>";
		};
		F15829F51A7A6B6100FDDB52 /* Supporting Files */ = {
			isa = PBXGroup;
			children = (
				F15829F61A7A6B6100FDDB52 /* Info.plist */,
				F15829F71A7A6B6100FDDB52 /* main.m */,
			);
			name = "Supporting Files";
			sourceTree = "<group>";
		};
		F1582A111A7A6B6100FDDB52 /* CellHighDemoTests */ = {
			isa = PBXGroup;
			children = (
				F1582A141A7A6B6100FDDB52 /* CellHighDemoTests.m */,
				F1582A121A7A6B6100FDDB52 /* Supporting Files */,
			);
			path = CellHighDemoTests;
			sourceTree = "<group>";
		};
		F1582A121A7A6B6100FDDB52 /* Supporting Files */ = {
			isa = PBXGroup;
			children = (
				F1582A131A7A6B6100FDDB52 /* Info.plist */,
			);
			name = "Supporting Files";
			sourceTree = "<group>";
		};
/* End PBXGroup section */

/* Begin PBXNativeTarget section */
		F15829F11A7A6B6100FDDB52 /* CellHighDemo */ = {
			isa = PBXNativeTarget;
			buildConfigurationList = F1582A181A7A6B6100FDDB52 /* Build configuration list for PBXNativeTarget "CellHighDemo" */;
			buildPhases = (
				F15829EE1A7A6B6100FDDB52 /* Sources */,
				F15829EF1A7A6B6100FDDB52 /* Frameworks */,
				F15829F01A7A6B6100FDDB52 /* Resources */,
			);
			buildRules = (
			);
			dependencies = (
			);
			name = CellHighDemo;
			productName = CellHighDemo;
			productReference = F15829F21A7A6B6100FDDB52 /* CellHighDemo.app */;
			productType = "com.apple.product-type.application";
		};
		F1582A0D1A7A6B6100FDDB52 /* CellHighDemoTests */ = {
			isa = PBXNativeTarget;
			buildConfigurationList = F1582A1B1A7A6B6100FDDB52 /* Build configuration list for PBXNativeTarget "CellHighDemoTests" */;
			buildPhases = (
				F1582A0A1A7A6B6100FDDB52 /* Sources */,
				F1582A0B1A7A6B6100FDDB52 /* Frameworks */,
				F1582A0C1A7A6B6100FDDB52 /* Resources */,
			);
			buildRules = (
			);
			dependencies = (
				F1582A101A7A6B6100FDDB52 /* PBXTargetDependency */,
			);
			name = CellHighDemoTests;
			productName = CellHighDemoTests;
			productReference = F1582A0E1A7A6B6100FDDB52 /* CellHighDemoTests.xctest */;
			productType = "com.apple.product-type.bundle.unit-test";
		};
/* End PBXNativeTarget section */

/* Begin PBXProject section */
		F15829EA1A7A6B6100FDDB52 /* Project object */ = {
			isa = PBXProject;
			attributes = {
				LastUpgradeCheck = 0610;
				ORGANIZATIONNAME = "老胡";
				TargetAttributes = {
					F15829F11A7A6B6100FDDB52 = {
						CreatedOnToolsVersion = 6.1.1;
					};
					F1582A0D1A7A6B6100FDDB52 = {
						CreatedOnToolsVersion = 6.1.1;
						TestTargetID = F15829F11A7A6B6100FDDB52;
					};
				};
			};
			buildConfigurationList = F15829ED1A7A6B6100FDDB52 /* Build configuration list for PBXProject "CellHighDemo" */;
			compatibilityVersion = "Xcode 3.2";
			developmentRegion = English;
			hasScannedForEncodings = 0;
			knownRegions = (
				en,
				Base,
			);
			mainGroup = F15829E91A7A6B6100FDDB52;
			productRefGroup = F15829F31A7A6B6100FDDB52 /* Products */;
			projectDirPath = "";
			projectRoot = "";
			targets = (
				F15829F11A7A6B6100FDDB52 /* CellHighDemo */,
				F1582A0D1A7A6B6100FDDB52 /* CellHighDemoTests */,
			);
		};
/* End PBXProject section */

/* Begin PBXResourcesBuildPhase section */
		F15829F01A7A6B6100FDDB52 /* Resources */ = {
			isa = PBXResourcesBuildPhase;
			buildActionMask = 2147483647;
			files = (
				F1582A041A7A6B6100FDDB52 /* Main.storyboard in Resources */,
				F1582A091A7A6B6100FDDB52 /* LaunchScreen.xib in Resources */,
				F1582A061A7A6B6100FDDB52 /* Images.xcassets in Resources */,
			);
			runOnlyForDeploymentPostprocessing = 0;
		};
		F1582A0C1A7A6B6100FDDB52 /* Resources */ = {
			isa = PBXResourcesBuildPhase;
			buildActionMask = 2147483647;
			files = (
			);
			runOnlyForDeploymentPostprocessing = 0;
		};
/* End PBXResourcesBuildPhase section */

/* Begin PBXSourcesBuildPhase section */
		F15829EE1A7A6B6100FDDB52 /* Sources */ = {
			isa = PBXSourcesBuildPhase;
			buildActionMask = 2147483647;
			files = (
				F15829FB1A7A6B6100FDDB52 /* AppDelegate.m in Sources */,
				F15829FE1A7A6B6100FDDB52 /* CellHighDemo.xcdatamodeld in Sources */,
				F1582A011A7A6B6100FDDB52 /* ViewController.m in Sources */,
				F15829F81A7A6B6100FDDB52 /* main.m in Sources */,
			);
			runOnlyForDeploymentPostprocessing = 0;
		};
		F1582A0A1A7A6B6100FDDB52 /* Sources */ = {
			isa = PBXSourcesBuildPhase;
			buildActionMask = 2147483647;
			files = (
				F1582A151A7A6B6100FDDB52 /* CellHighDemoTests.m in Sources */,
			);
			runOnlyForDeploymentPostprocessing = 0;
		};
/* End PBXSourcesBuildPhase section */

/* Begin PBXTargetDependency section */
		F1582A101A7A6B6100FDDB52 /* PBXTargetDependency */ = {
			isa = PBXTargetDependency;
			target = F15829F11A7A6B6100FDDB52 /* CellHighDemo */;
			targetProxy = F1582A0F1A7A6B6100FDDB52 /* PBXContainerItemProxy */;
		};
/* End PBXTargetDependency section */

/* Begin PBXVariantGroup section */
		F1582A021A7A6B6100FDDB52 /* Main.storyboard */ = {
			isa = PBXVariantGroup;
			children = (
				F1582A031A7A6B6100FDDB52 /* Base */,
			);
			name = Main.storyboard;
			sourceTree = "<group>";
		};
		F1582A071A7A6B6100FDDB52 /* LaunchScreen.xib */ = {
			isa = PBXVariantGroup;
			children = (
				F1582A081A7A6B6100FDDB52 /* Base */,
			);
			name = LaunchScreen.xib;
			sourceTree = "<group>";
		};
/* End PBXVariantGroup section */

/* Begin XCBuildConfiguration section */
		F1582A161A7A6B6100FDDB52 /* Debug */ = {
			isa = XCBuildConfiguration;
			buildSettings = {
				ALWAYS_SEARCH_USER_PATHS = NO;
				CLANG_CXX_LANGUAGE_STANDARD = "gnu++0x";
				CLANG_CXX_LIBRARY = "libc++";
				CLANG_ENABLE_MODULES = YES;
				CLANG_ENABLE_OBJC_ARC = YES;
				CLANG_WARN_BOOL_CONVERSION = YES;
				CLANG_WARN_CONSTANT_CONVERSION = YES;
				CLANG_WARN_DIRECT_OBJC_ISA_USAGE = YES_ERROR;
				CLANG_WARN_EMPTY_BODY = YES;
				CLANG_WARN_ENUM_CONVERSION = YES;
				CLANG_WARN_INT_CONVERSION = YES;
				CLANG_WARN_OBJC_ROOT_CLASS = YES_ERROR;
				CLANG_WARN_UNREACHABLE_CODE = YES;
				CLANG_WARN__DUPLICATE_METHOD_MATCH = YES;
				"CODE_SIGN_IDENTITY[sdk=iphoneos*]" = "iPhone Developer";
				COPY_PHASE_STRIP = NO;
				ENABLE_STRICT_OBJC_MSGSEND = YES;
				GCC_C_LANGUAGE_STANDARD = gnu99;
				GCC_DYNAMIC_NO_PIC = NO;
				GCC_OPTIMIZATION_LEVEL = 0;
				GCC_PREPROCESSOR_DEFINITIONS = (
					"DEBUG=1",
					"$(inherited)",
				);
				GCC_SYMBOLS_PRIVATE_EXTERN = NO;
				GCC_WARN_64_TO_32_BIT_CONVERSION = YES;
				GCC_WARN_ABOUT_RETURN_TYPE = YES_ERROR;
				GCC_WARN_UNDECLARED_SELECTOR = YES;
				GCC_WARN_UNINITIALIZED_AUTOS = YES_AGGRESSIVE;
				GCC_WARN_UNUSED_FUNCTION = YES;
				GCC_WARN_UNUSED_VARIABLE = YES;
				IPHONEOS_DEPLOYMENT_TARGET = 8.1;
				MTL_ENABLE_DEBUG_INFO = YES;
				ONLY_ACTIVE_ARCH = YES;
				SDKROOT = iphoneos;
			};
			name = Debug;
		};
		F1582A171A7A6B6100FDDB52 /* Release */ = {
			isa = XCBuildConfiguration;
			buildSettings = {
				ALWAYS_SEARCH_USER_PATHS = NO;
				CLANG_CXX_LANGUAGE_STANDARD = "gnu++0x";
				CLANG_CXX_LIBRARY = "libc++";
				CLANG_ENABLE_MODULES = YES;
				CLANG_ENABLE_OBJC_ARC = YES;
				CLANG_WARN_BOOL_CONVERSION = YES;
				CLANG_WARN_CONSTANT_CONVERSION = YES;
				CLANG_WARN_DIRECT_OBJC_ISA_USAGE = YES_ERROR;
				CLANG_WARN_EMPTY_BODY = YES;
				CLANG_WARN_ENUM_CONVERSION = YES;
				CLANG_WARN_INT_CONVERSION = YES;
				CLANG_WARN_OBJC_ROOT_CLASS = YES_ERROR;
				CLANG_WARN_UNREACHABLE_CODE = YES;
				CLANG_WARN__DUPLICATE_METHOD_MATCH = YES;
				"CODE_SIGN_IDENTITY[sdk=iphoneos*]" = "iPhone Developer";
				COPY_PHASE_STRIP = YES;
				ENABLE_NS_ASSERTIONS = NO;
				ENABLE_STRICT_OBJC_MSGSEND = YES;
				GCC_C_LANGUAGE_STANDARD = gnu99;
				GCC_WARN_64_TO_32_BIT_CONVERSION = YES;
				GCC_WARN_ABOUT_RETURN_TYPE = YES_ERROR;
				GCC_WARN_UNDECLARED_SELECTOR = YES;
				GCC_WARN_UNINITIALIZED_AUTOS = YES_AGGRESSIVE;
				GCC_WARN_UNUSED_FUNCTION = YES;
				GCC_WARN_UNUSED_VARIABLE = YES;
				IPHONEOS_DEPLOYMENT_TARGET = 8.1;
				MTL_ENABLE_DEBUG_INFO = NO;
				SDKROOT = iphoneos;
				VALIDATE_PRODUCT = YES;
			};
			name = Release;
		};
		F1582A191A7A6B6100FDDB52 /* Debug */ = {
			isa = XCBuildConfiguration;
			buildSettings = {
				ASSETCATALOG_COMPILER_APPICON_NAME = AppIcon;
				INFOPLIST_FILE = CellHighDemo/Info.plist;
				LD_RUNPATH_SEARCH_PATHS = "$(inherited) @executable_path/Frameworks";
				PRODUCT_NAME = "$(TARGET_NAME)";
			};
			name = Debug;
		};
		F1582A1A1A7A6B6100FDDB52 /* Release */ = {
			isa = XCBuildConfiguration;
			buildSettings = {
				ASSETCATALOG_COMPILER_APPICON_NAME = AppIcon;
				INFOPLIST_FILE = CellHighDemo/Info.plist;
				LD_RUNPATH_SEARCH_PATHS = "$(inherited) @executable_path/Frameworks";
				PRODUCT_NAME = "$(TARGET_NAME)";
			};
			name = Release;
		};
		F1582A1C1A7A6B6100FDDB52 /* Debug */ = {
			isa = XCBuildConfiguration;
			buildSettings = {
				BUNDLE_LOADER = "$(TEST_HOST)";
				FRAMEWORK_SEARCH_PATHS = (
					"$(SDKROOT)/Developer/Library/Frameworks",
					"$(inherited)",
				);
				GCC_PREPROCESSOR_DEFINITIONS = (
					"DEBUG=1",
					"$(inherited)",
				);
				INFOPLIST_FILE = CellHighDemoTests/Info.plist;
				LD_RUNPATH_SEARCH_PATHS = "$(inherited) @executable_path/Frameworks @loader_path/Frameworks";
				PRODUCT_NAME = "$(TARGET_NAME)";
				TEST_HOST = "$(BUILT_PRODUCTS_DIR)/CellHighDemo.app/CellHighDemo";
			};
			name = Debug;
		};
		F1582A1D1A7A6B6100FDDB52 /* Release */ = {
			isa = XCBuildConfiguration;
			buildSettings = {
				BUNDLE_LOADER = "$(TEST_HOST)";
				FRAMEWORK_SEARCH_PATHS = (
					"$(SDKROOT)/Developer/Library/Frameworks",
					"$(inherited)",
				);
				INFOPLIST_FILE = CellHighDemoTests/Info.plist;
				LD_RUNPATH_SEARCH_PATHS = "$(inherited) @executable_path/Frameworks @loader_path/Frameworks";
				PRODUCT_NAME = "$(TARGET_NAME)";
				TEST_HOST = "$(BUILT_PRODUCTS_DIR)/CellHighDemo.app/CellHighDemo";
			};
			name = Release;
		};
/* End XCBuildConfiguration section */

/* Begin XCConfigurationList section */
		F15829ED1A7A6B6100FDDB52 /* Build configuration list for PBXProject "CellHighDemo" */ = {
			isa = XCConfigurationList;
			buildConfigurations = (
				F1582A161A7A6B6100FDDB52 /* Debug */,
				F1582A171A7A6B6100FDDB52 /* Release */,
			);
			defaultConfigurationIsVisible = 0;
			defaultConfigurationName = Release;
		};
		F1582A181A7A6B6100FDDB52 /* Build configuration list for PBXNativeTarget "CellHighDemo" */ = {
			isa = XCConfigurationList;
			buildConfigurations = (
				F1582A191A7A6B6100FDDB52 /* Debug */,
				F1582A1A1A7A6B6100FDDB52 /* Release */,
			);
			defaultConfigurationIsVisible = 0;
		};
		F1582A1B1A7A6B6100FDDB52 /* Build configuration list for PBXNativeTarget "CellHighDemoTests" */ = {
			isa = XCConfigurationList;
			buildConfigurations = (
				F1582A1C1A7A6B6100FDDB52 /* Debug */,
				F1582A1D1A7A6B6100FDDB52 /* Release */,
			);
			defaultConfigurationIsVisible = 0;
		};
/* End XCConfigurationList section */

/* Begin XCVersionGroup section */
		F15829FC1A7A6B6100FDDB52 /* CellHighDemo.xcdatamodeld */ = {
			isa = XCVersionGroup;
			children = (
				F15829FD1A7A6B6100FDDB52 /* CellHighDemo.xcdatamodel */,
			);
			currentVersion = F15829FD1A7A6B6100FDDB52 /* CellHighDemo.xcdatamodel */;
			path = CellHighDemo.xcdatamodeld;
			sourceTree = "<group>";
			versionGroupType = wrapper.xcdatamodel;
		};
/* End XCVersionGroup section */
	};
	rootObject = F15829EA1A7A6B6100FDDB52 /* Project object */;
}
